// !$*UTF8*$!
{
	archiveVersion = 1;
	classes = {
	};
	objectVersion = 54;
	objects = {

/* Begin PBXBuildFile section */
		00E356F31AD99517003FC87E /* ArcadeTests.m in Sources */ = {isa = PBXBuildFile; fileRef = 00E356F21AD99517003FC87E /* ArcadeTests.m */; };
		0C80B921A6F3F58F76C31292 /* libPods-Arcade.a in Frameworks */ = {isa = PBXBuildFile; fileRef = 5DCACB8F33CDC322A6C60F78 /* libPods-Arcade.a */; };
		13B07FBC1A68108700A75B9A /* AppDelegate.mm in Sources */ = {isa = PBXBuildFile; fileRef = 13B07FB01A68108700A75B9A /* AppDelegate.mm */; };
		13B07FBF1A68108700A75B9A /* Images.xcassets in Resources */ = {isa = PBXBuildFile; fileRef = 13B07FB51A68108700A75B9A /* Images.xcassets */; };
		13B07FC11A68108700A75B9A /* main.m in Sources */ = {isa = PBXBuildFile; fileRef = 13B07FB71A68108700A75B9A /* main.m */; };
		7699B88040F8A987B510C191 /* libPods-Arcade-ArcadeTests.a in Frameworks */ = {isa = PBXBuildFile; fileRef = 19F6CBCC0A4E27FBF8BF4A61 /* libPods-Arcade-ArcadeTests.a */; };
		81AB9BB82411601600AC10FF /* LaunchScreen.storyboard in Resources */ = {isa = PBXBuildFile; fileRef = 81AB9BB72411601600AC10FF /* LaunchScreen.storyboard */; };
		665E458B71594853AAFD5725 /* Novecentosansnarrow-Bold.ttf in Resources */ = {isa = PBXBuildFile; fileRef = C18CC5D33C8F44C992638CCB /* Novecentosansnarrow-Bold.ttf */; };
		5606A55551E74BAF96065DD4 /* Novecentosansnarrow-Book.ttf in Resources */ = {isa = PBXBuildFile; fileRef = ECA39E9E4EA74CAF939E0E6E /* Novecentosansnarrow-Book.ttf */; };
		DD27A7A11B2343FDB76D2445 /* Novecentosansnarrow-DemiBold.ttf in Resources */ = {isa = PBXBuildFile; fileRef = C8001C1B0A4C466DA818C856 /* Novecentosansnarrow-DemiBold.ttf */; };
		BAEB042759224A2EB5EAD932 /* Novecentosansnarrow-Light.ttf in Resources */ = {isa = PBXBuildFile; fileRef = EEFCA7AE62944369BA9A4991 /* Novecentosansnarrow-Light.ttf */; };
		6CD133F483A240A48485078D /* Novecentosansnarrow-Medium.ttf in Resources */ = {isa = PBXBuildFile; fileRef = B6BAD759B2754FD0BBB08435 /* Novecentosansnarrow-Medium.ttf */; };
		EC8D5AD981A14B689B0A918A /* Novecentosansnarrow-Normal.ttf in Resources */ = {isa = PBXBuildFile; fileRef = D6FC8353C0DF46C1A4B91DE2 /* Novecentosansnarrow-Normal.ttf */; };
		1316C100966545E8A79288C7 /* Novecentosansnarrow-UltraBold.ttf in Resources */ = {isa = PBXBuildFile; fileRef = EE932E68354847C185CA4096 /* Novecentosansnarrow-UltraBold.ttf */; };
		79516686FF2B4CB686C197E9 /* Novecentosansnarrow-UltrLt.ttf in Resources */ = {isa = PBXBuildFile; fileRef = 48BBD511D2604962B0A9284A /* Novecentosansnarrow-UltrLt.ttf */; };
		98B080C48D104874A99303FB /* ProximaNova-Black.ttf in Resources */ = {isa = PBXBuildFile; fileRef = 50CD81F3A5B44CD6832EF783 /* ProximaNova-Black.ttf */; };
		30BAEC55C709466C8DC96C12 /* ProximaNova-BlackIt.ttf in Resources */ = {isa = PBXBuildFile; fileRef = 50BDE1E8E41748FC9ABE49B9 /* ProximaNova-BlackIt.ttf */; };
		68C13A96FD9D46908144F63F /* ProximaNova-Bold.ttf in Resources */ = {isa = PBXBuildFile; fileRef = 59DB42F908484050A215FD03 /* ProximaNova-Bold.ttf */; };
		42F4B5716EE94C568F96C620 /* ProximaNova-BoldIt.ttf in Resources */ = {isa = PBXBuildFile; fileRef = AD4829107D87411FA267C132 /* ProximaNova-BoldIt.ttf */; };
		2E2F3B00C3654301AEBBFFF7 /* ProximaNova-Extrabld.ttf in Resources */ = {isa = PBXBuildFile; fileRef = 924033ECACF247FCB85195E0 /* ProximaNova-Extrabld.ttf */; };
		70FC6B14627242ECAC2D2FF3 /* ProximaNova-ExtrabldIt.ttf in Resources */ = {isa = PBXBuildFile; fileRef = 2023E4BCB6B242B4814D4E4D /* ProximaNova-ExtrabldIt.ttf */; };
		3AE69B6853644C11B52059AE /* ProximaNova-Light.ttf in Resources */ = {isa = PBXBuildFile; fileRef = 07321030B86642B68D69C795 /* ProximaNova-Light.ttf */; };
		017C32A8594E4D71B51D70CA /* ProximaNova-LightIt.ttf in Resources */ = {isa = PBXBuildFile; fileRef = E05B2FC619214A768FED7B93 /* ProximaNova-LightIt.ttf */; };
		0FED35A6E0E3498281A8CF12 /* ProximaNova-Regular.ttf in Resources */ = {isa = PBXBuildFile; fileRef = 2B77A4EAF912497DA4C51A2E /* ProximaNova-Regular.ttf */; };
		7D6557FEECB94CFFB88BA628 /* ProximaNova-RegularIt.ttf in Resources */ = {isa = PBXBuildFile; fileRef = F436738C3B95499FAA1E43A0 /* ProximaNova-RegularIt.ttf */; };
		A7C357C05A5A4C259768A943 /* ProximaNova-Semibold.ttf in Resources */ = {isa = PBXBuildFile; fileRef = 38543FB548B34FEB9D1754FD /* ProximaNova-Semibold.ttf */; };
		30DECE4818E943C198C60B4B /* ProximaNova-SemiboldIt.ttf in Resources */ = {isa = PBXBuildFile; fileRef = 369CE046858E4388A5620456 /* ProximaNova-SemiboldIt.ttf */; };
		8A1B82A5B4274CB2B922E77C /* ProximaNova-ThinIt.ttf in Resources */ = {isa = PBXBuildFile; fileRef = 6E152DB1DE064D4982B7C536 /* ProximaNova-ThinIt.ttf */; };
		563F21FCA0B74FB0B656C990 /* ProximaNovaT-Thin.ttf in Resources */ = {isa = PBXBuildFile; fileRef = A8E9C61B5CB24B139376A61D /* ProximaNovaT-Thin.ttf */; };
		62595BD5EC19451AAECA1B46 /* raze.png in Resources */ = {isa = PBXBuildFile; fileRef = 4F617E875F2E459882944B27 /* raze.png */; };
/* End PBXBuildFile section */

/* Begin PBXContainerItemProxy section */
		00E356F41AD99517003FC87E /* PBXContainerItemProxy */ = {
			isa = PBXContainerItemProxy;
			containerPortal = 83CBB9F71A601CBA00E9B192 /* Project object */;
			proxyType = 1;
			remoteGlobalIDString = 13B07F861A680F5B00A75B9A;
			remoteInfo = Arcade;
		};
/* End PBXContainerItemProxy section */

/* Begin PBXFileReference section */
		00E356EE1AD99517003FC87E /* ArcadeTests.xctest */ = {isa = PBXFileReference; explicitFileType = wrapper.cfbundle; includeInIndex = 0; path = ArcadeTests.xctest; sourceTree = BUILT_PRODUCTS_DIR; };
		00E356F11AD99517003FC87E /* Info.plist */ = {isa = PBXFileReference; lastKnownFileType = text.plist.xml; path = Info.plist; sourceTree = "<group>"; };
		00E356F21AD99517003FC87E /* ArcadeTests.m */ = {isa = PBXFileReference; lastKnownFileType = sourcecode.c.objc; path = ArcadeTests.m; sourceTree = "<group>"; };
		13B07F961A680F5B00A75B9A /* Arcade.app */ = {isa = PBXFileReference; explicitFileType = wrapper.application; includeInIndex = 0; path = Arcade.app; sourceTree = BUILT_PRODUCTS_DIR; };
		13B07FAF1A68108700A75B9A /* AppDelegate.h */ = {isa = PBXFileReference; fileEncoding = 4; lastKnownFileType = sourcecode.c.h; name = AppDelegate.h; path = Arcade/AppDelegate.h; sourceTree = "<group>"; };
		13B07FB01A68108700A75B9A /* AppDelegate.mm */ = {isa = PBXFileReference; fileEncoding = 4; lastKnownFileType = sourcecode.cpp.objcpp; name = AppDelegate.mm; path = Arcade/AppDelegate.mm; sourceTree = "<group>"; };
		13B07FB51A68108700A75B9A /* Images.xcassets */ = {isa = PBXFileReference; lastKnownFileType = folder.assetcatalog; name = Images.xcassets; path = Arcade/Images.xcassets; sourceTree = "<group>"; };
		13B07FB61A68108700A75B9A /* Info.plist */ = {isa = PBXFileReference; fileEncoding = 4; lastKnownFileType = text.plist.xml; name = Info.plist; path = Arcade/Info.plist; sourceTree = "<group>"; };
		13B07FB71A68108700A75B9A /* main.m */ = {isa = PBXFileReference; fileEncoding = 4; lastKnownFileType = sourcecode.c.objc; name = main.m; path = Arcade/main.m; sourceTree = "<group>"; };
		13B07FB81A68108700A75B9A /* PrivacyInfo.xcprivacy */ = {isa = PBXFileReference; fileEncoding = 4; lastKnownFileType = text.plist.xml; name = PrivacyInfo.xcprivacy; path = Arcade/PrivacyInfo.xcprivacy; sourceTree = "<group>"; };
		19F6CBCC0A4E27FBF8BF4A61 /* libPods-Arcade-ArcadeTests.a */ = {isa = PBXFileReference; explicitFileType = archive.ar; includeInIndex = 0; path = "libPods-Arcade-ArcadeTests.a"; sourceTree = BUILT_PRODUCTS_DIR; };
		3B4392A12AC88292D35C810B /* Pods-Arcade.debug.xcconfig */ = {isa = PBXFileReference; includeInIndex = 1; lastKnownFileType = text.xcconfig; name = "Pods-Arcade.debug.xcconfig"; path = "Target Support Files/Pods-Arcade/Pods-Arcade.debug.xcconfig"; sourceTree = "<group>"; };
		5709B34CF0A7D63546082F79 /* Pods-Arcade.release.xcconfig */ = {isa = PBXFileReference; includeInIndex = 1; lastKnownFileType = text.xcconfig; name = "Pods-Arcade.release.xcconfig"; path = "Target Support Files/Pods-Arcade/Pods-Arcade.release.xcconfig"; sourceTree = "<group>"; };
		5B7EB9410499542E8C5724F5 /* Pods-Arcade-ArcadeTests.debug.xcconfig */ = {isa = PBXFileReference; includeInIndex = 1; lastKnownFileType = text.xcconfig; name = "Pods-Arcade-ArcadeTests.debug.xcconfig"; path = "Target Support Files/Pods-Arcade-ArcadeTests/Pods-Arcade-ArcadeTests.debug.xcconfig"; sourceTree = "<group>"; };
		5DCACB8F33CDC322A6C60F78 /* libPods-Arcade.a */ = {isa = PBXFileReference; explicitFileType = archive.ar; includeInIndex = 0; path = "libPods-Arcade.a"; sourceTree = BUILT_PRODUCTS_DIR; };
		81AB9BB72411601600AC10FF /* LaunchScreen.storyboard */ = {isa = PBXFileReference; fileEncoding = 4; lastKnownFileType = file.storyboard; name = LaunchScreen.storyboard; path = Arcade/LaunchScreen.storyboard; sourceTree = "<group>"; };
		89C6BE57DB24E9ADA2F236DE /* Pods-Arcade-ArcadeTests.release.xcconfig */ = {isa = PBXFileReference; includeInIndex = 1; lastKnownFileType = text.xcconfig; name = "Pods-Arcade-ArcadeTests.release.xcconfig"; path = "Target Support Files/Pods-Arcade-ArcadeTests/Pods-Arcade-ArcadeTests.release.xcconfig"; sourceTree = "<group>"; };
		ED297162215061F000B7C4FE /* JavaScriptCore.framework */ = {isa = PBXFileReference; lastKnownFileType = wrapper.framework; name = JavaScriptCore.framework; path = System/Library/Frameworks/JavaScriptCore.framework; sourceTree = SDKROOT; };
		C18CC5D33C8F44C992638CCB /* Novecentosansnarrow-Bold.ttf */ = {isa = PBXFileReference; name = "Novecentosansnarrow-Bold.ttf"; path = "../src/assets/fonts/Novecentosansnarrow-Bold.ttf"; sourceTree = "<group>"; fileEncoding = undefined; lastKnownFileType = unknown; explicitFileType = undefined; includeInIndex = 0; };
		ECA39E9E4EA74CAF939E0E6E /* Novecentosansnarrow-Book.ttf */ = {isa = PBXFileReference; name = "Novecentosansnarrow-Book.ttf"; path = "../src/assets/fonts/Novecentosansnarrow-Book.ttf"; sourceTree = "<group>"; fileEncoding = undefined; lastKnownFileType = unknown; explicitFileType = undefined; includeInIndex = 0; };
		C8001C1B0A4C466DA818C856 /* Novecentosansnarrow-DemiBold.ttf */ = {isa = PBXFileReference; name = "Novecentosansnarrow-DemiBold.ttf"; path = "../src/assets/fonts/Novecentosansnarrow-DemiBold.ttf"; sourceTree = "<group>"; fileEncoding = undefined; lastKnownFileType = unknown; explicitFileType = undefined; includeInIndex = 0; };
		EEFCA7AE62944369BA9A4991 /* Novecentosansnarrow-Light.ttf */ = {isa = PBXFileReference; name = "Novecentosansnarrow-Light.ttf"; path = "../src/assets/fonts/Novecentosansnarrow-Light.ttf"; sourceTree = "<group>"; fileEncoding = undefined; lastKnownFileType = unknown; explicitFileType = undefined; includeInIndex = 0; };
		B6BAD759B2754FD0BBB08435 /* Novecentosansnarrow-Medium.ttf */ = {isa = PBXFileReference; name = "Novecentosansnarrow-Medium.ttf"; path = "../src/assets/fonts/Novecentosansnarrow-Medium.ttf"; sourceTree = "<group>"; fileEncoding = undefined; lastKnownFileType = unknown; explicitFileType = undefined; includeInIndex = 0; };
		D6FC8353C0DF46C1A4B91DE2 /* Novecentosansnarrow-Normal.ttf */ = {isa = PBXFileReference; name = "Novecentosansnarrow-Normal.ttf"; path = "../src/assets/fonts/Novecentosansnarrow-Normal.ttf"; sourceTree = "<group>"; fileEncoding = undefined; lastKnownFileType = unknown; explicitFileType = undefined; includeInIndex = 0; };
		EE932E68354847C185CA4096 /* Novecentosansnarrow-UltraBold.ttf */ = {isa = PBXFileReference; name = "Novecentosansnarrow-UltraBold.ttf"; path = "../src/assets/fonts/Novecentosansnarrow-UltraBold.ttf"; sourceTree = "<group>"; fileEncoding = undefined; lastKnownFileType = unknown; explicitFileType = undefined; includeInIndex = 0; };
		48BBD511D2604962B0A9284A /* Novecentosansnarrow-UltrLt.ttf */ = {isa = PBXFileReference; name = "Novecentosansnarrow-UltrLt.ttf"; path = "../src/assets/fonts/Novecentosansnarrow-UltrLt.ttf"; sourceTree = "<group>"; fileEncoding = undefined; lastKnownFileType = unknown; explicitFileType = undefined; includeInIndex = 0; };
		50CD81F3A5B44CD6832EF783 /* ProximaNova-Black.ttf */ = {isa = PBXFileReference; name = "ProximaNova-Black.ttf"; path = "../src/assets/fonts/ProximaNova-Black.ttf"; sourceTree = "<group>"; fileEncoding = undefined; lastKnownFileType = unknown; explicitFileType = undefined; includeInIndex = 0; };
		50BDE1E8E41748FC9ABE49B9 /* ProximaNova-BlackIt.ttf */ = {isa = PBXFileReference; name = "ProximaNova-BlackIt.ttf"; path = "../src/assets/fonts/ProximaNova-BlackIt.ttf"; sourceTree = "<group>"; fileEncoding = undefined; lastKnownFileType = unknown; explicitFileType = undefined; includeInIndex = 0; };
		59DB42F908484050A215FD03 /* ProximaNova-Bold.ttf */ = {isa = PBXFileReference; name = "ProximaNova-Bold.ttf"; path = "../src/assets/fonts/ProximaNova-Bold.ttf"; sourceTree = "<group>"; fileEncoding = undefined; lastKnownFileType = unknown; explicitFileType = undefined; includeInIndex = 0; };
		AD4829107D87411FA267C132 /* ProximaNova-BoldIt.ttf */ = {isa = PBXFileReference; name = "ProximaNova-BoldIt.ttf"; path = "../src/assets/fonts/ProximaNova-BoldIt.ttf"; sourceTree = "<group>"; fileEncoding = undefined; lastKnownFileType = unknown; explicitFileType = undefined; includeInIndex = 0; };
		924033ECACF247FCB85195E0 /* ProximaNova-Extrabld.ttf */ = {isa = PBXFileReference; name = "ProximaNova-Extrabld.ttf"; path = "../src/assets/fonts/ProximaNova-Extrabld.ttf"; sourceTree = "<group>"; fileEncoding = undefined; lastKnownFileType = unknown; explicitFileType = undefined; includeInIndex = 0; };
		2023E4BCB6B242B4814D4E4D /* ProximaNova-ExtrabldIt.ttf */ = {isa = PBXFileReference; name = "ProximaNova-ExtrabldIt.ttf"; path = "../src/assets/fonts/ProximaNova-ExtrabldIt.ttf"; sourceTree = "<group>"; fileEncoding = undefined; lastKnownFileType = unknown; explicitFileType = undefined; includeInIndex = 0; };
		07321030B86642B68D69C795 /* ProximaNova-Light.ttf */ = {isa = PBXFileReference; name = "ProximaNova-Light.ttf"; path = "../src/assets/fonts/ProximaNova-Light.ttf"; sourceTree = "<group>"; fileEncoding = undefined; lastKnownFileType = unknown; explicitFileType = undefined; includeInIndex = 0; };
		E05B2FC619214A768FED7B93 /* ProximaNova-LightIt.ttf */ = {isa = PBXFileReference; name = "ProximaNova-LightIt.ttf"; path = "../src/assets/fonts/ProximaNova-LightIt.ttf"; sourceTree = "<group>"; fileEncoding = undefined; lastKnownFileType = unknown; explicitFileType = undefined; includeInIndex = 0; };
		2B77A4EAF912497DA4C51A2E /* ProximaNova-Regular.ttf */ = {isa = PBXFileReference; name = "ProximaNova-Regular.ttf"; path = "../src/assets/fonts/ProximaNova-Regular.ttf"; sourceTree = "<group>"; fileEncoding = undefined; lastKnownFileType = unknown; explicitFileType = undefined; includeInIndex = 0; };
		F436738C3B95499FAA1E43A0 /* ProximaNova-RegularIt.ttf */ = {isa = PBXFileReference; name = "ProximaNova-RegularIt.ttf"; path = "../src/assets/fonts/ProximaNova-RegularIt.ttf"; sourceTree = "<group>"; fileEncoding = undefined; lastKnownFileType = unknown; explicitFileType = undefined; includeInIndex = 0; };
		38543FB548B34FEB9D1754FD /* ProximaNova-Semibold.ttf */ = {isa = PBXFileReference; name = "ProximaNova-Semibold.ttf"; path = "../src/assets/fonts/ProximaNova-Semibold.ttf"; sourceTree = "<group>"; fileEncoding = undefined; lastKnownFileType = unknown; explicitFileType = undefined; includeInIndex = 0; };
		369CE046858E4388A5620456 /* ProximaNova-SemiboldIt.ttf */ = {isa = PBXFileReference; name = "ProximaNova-SemiboldIt.ttf"; path = "../src/assets/fonts/ProximaNova-SemiboldIt.ttf"; sourceTree = "<group>"; fileEncoding = undefined; lastKnownFileType = unknown; explicitFileType = undefined; includeInIndex = 0; };
		6E152DB1DE064D4982B7C536 /* ProximaNova-ThinIt.ttf */ = {isa = PBXFileReference; name = "ProximaNova-ThinIt.ttf"; path = "../src/assets/fonts/ProximaNova-ThinIt.ttf"; sourceTree = "<group>"; fileEncoding = undefined; lastKnownFileType = unknown; explicitFileType = undefined; includeInIndex = 0; };
		A8E9C61B5CB24B139376A61D /* ProximaNovaT-Thin.ttf */ = {isa = PBXFileReference; name = "ProximaNovaT-Thin.ttf"; path = "../src/assets/fonts/ProximaNovaT-Thin.ttf"; sourceTree = "<group>"; fileEncoding = undefined; lastKnownFileType = unknown; explicitFileType = undefined; includeInIndex = 0; };
		4F617E875F2E459882944B27 /* raze.png */ = {isa = PBXFileReference; name = "raze.png"; path = "../src/assets/images/raze.png"; sourceTree = "<group>"; fileEncoding = undefined; lastKnownFileType = unknown; explicitFileType = undefined; includeInIndex = 0; };
/* End PBXFileReference section */

/* Begin PBXFrameworksBuildPhase section */
		00E356EB1AD99517003FC87E /* Frameworks */ = {
			isa = PBXFrameworksBuildPhase;
			buildActionMask = 2147483647;
			files = (
				7699B88040F8A987B510C191 /* libPods-Arcade-ArcadeTests.a in Frameworks */,
			);
			runOnlyForDeploymentPostprocessing = 0;
		};
		13B07F8C1A680F5B00A75B9A /* Frameworks */ = {
			isa = PBXFrameworksBuildPhase;
			buildActionMask = 2147483647;
			files = (
				0C80B921A6F3F58F76C31292 /* libPods-Arcade.a in Frameworks */,
			);
			runOnlyForDeploymentPostprocessing = 0;
		};
/* End PBXFrameworksBuildPhase section */

/* Begin PBXGroup section */
		00E356EF1AD99517003FC87E /* ArcadeTests */ = {
			isa = PBXGroup;
			children = (
				00E356F21AD99517003FC87E /* ArcadeTests.m */,
				00E356F01AD99517003FC87E /* Supporting Files */,
			);
			path = ArcadeTests;
			sourceTree = "<group>";
		};
		00E356F01AD99517003FC87E /* Supporting Files */ = {
			isa = PBXGroup;
			children = (
				00E356F11AD99517003FC87E /* Info.plist */,
			);
			name = "Supporting Files";
			sourceTree = "<group>";
		};
		13B07FAE1A68108700A75B9A /* Arcade */ = {
			isa = PBXGroup;
			children = (
				13B07FAF1A68108700A75B9A /* AppDelegate.h */,
				13B07FB01A68108700A75B9A /* AppDelegate.mm */,
				13B07FB51A68108700A75B9A /* Images.xcassets */,
				13B07FB61A68108700A75B9A /* Info.plist */,
				81AB9BB72411601600AC10FF /* LaunchScreen.storyboard */,
				13B07FB71A68108700A75B9A /* main.m */,
				13B07FB81A68108700A75B9A /* PrivacyInfo.xcprivacy */,
			);
			name = Arcade;
			sourceTree = "<group>";
		};
		2D16E6871FA4F8E400B85C8A /* Frameworks */ = {
			isa = PBXGroup;
			children = (
				ED297162215061F000B7C4FE /* JavaScriptCore.framework */,
				5DCACB8F33CDC322A6C60F78 /* libPods-Arcade.a */,
				19F6CBCC0A4E27FBF8BF4A61 /* libPods-Arcade-ArcadeTests.a */,
			);
			name = Frameworks;
			sourceTree = "<group>";
		};
		832341AE1AAA6A7D00B99B32 /* Libraries */ = {
			isa = PBXGroup;
			children = (
			);
			name = Libraries;
			sourceTree = "<group>";
		};
		83CBB9F61A601CBA00E9B192 = {
			isa = PBXGroup;
			children = (
				13B07FAE1A68108700A75B9A /* Arcade */,
				832341AE1AAA6A7D00B99B32 /* Libraries */,
				00E356EF1AD99517003FC87E /* ArcadeTests */,
				83CBBA001A601CBA00E9B192 /* Products */,
				2D16E6871FA4F8E400B85C8A /* Frameworks */,
				BBD78D7AC51CEA395F1C20DB /* Pods */,
				5C93552CDA504C97BF0161B5 /* Resources */,
			);
			indentWidth = 2;
			sourceTree = "<group>";
			tabWidth = 2;
			usesTabs = 0;
		};
		83CBBA001A601CBA00E9B192 /* Products */ = {
			isa = PBXGroup;
			children = (
				13B07F961A680F5B00A75B9A /* Arcade.app */,
				00E356EE1AD99517003FC87E /* ArcadeTests.xctest */,
			);
			name = Products;
			sourceTree = "<group>";
		};
		BBD78D7AC51CEA395F1C20DB /* Pods */ = {
			isa = PBXGroup;
			children = (
				3B4392A12AC88292D35C810B /* Pods-Arcade.debug.xcconfig */,
				5709B34CF0A7D63546082F79 /* Pods-Arcade.release.xcconfig */,
				5B7EB9410499542E8C5724F5 /* Pods-Arcade-ArcadeTests.debug.xcconfig */,
				89C6BE57DB24E9ADA2F236DE /* Pods-Arcade-ArcadeTests.release.xcconfig */,
			);
			path = Pods;
			sourceTree = "<group>";
		};
		5C93552CDA504C97BF0161B5 /* Resources */ = {
			isa = "PBXGroup";
			children = (
				C18CC5D33C8F44C992638CCB /* Novecentosansnarrow-Bold.ttf */,
				ECA39E9E4EA74CAF939E0E6E /* Novecentosansnarrow-Book.ttf */,
				C8001C1B0A4C466DA818C856 /* Novecentosansnarrow-DemiBold.ttf */,
				EEFCA7AE62944369BA9A4991 /* Novecentosansnarrow-Light.ttf */,
				B6BAD759B2754FD0BBB08435 /* Novecentosansnarrow-Medium.ttf */,
				D6FC8353C0DF46C1A4B91DE2 /* Novecentosansnarrow-Normal.ttf */,
				EE932E68354847C185CA4096 /* Novecentosansnarrow-UltraBold.ttf */,
				48BBD511D2604962B0A9284A /* Novecentosansnarrow-UltrLt.ttf */,
				50CD81F3A5B44CD6832EF783 /* ProximaNova-Black.ttf */,
				50BDE1E8E41748FC9ABE49B9 /* ProximaNova-BlackIt.ttf */,
				59DB42F908484050A215FD03 /* ProximaNova-Bold.ttf */,
				AD4829107D87411FA267C132 /* ProximaNova-BoldIt.ttf */,
				924033ECACF247FCB85195E0 /* ProximaNova-Extrabld.ttf */,
				2023E4BCB6B242B4814D4E4D /* ProximaNova-ExtrabldIt.ttf */,
				07321030B86642B68D69C795 /* ProximaNova-Light.ttf */,
				E05B2FC619214A768FED7B93 /* ProximaNova-LightIt.ttf */,
				2B77A4EAF912497DA4C51A2E /* ProximaNova-Regular.ttf */,
				F436738C3B95499FAA1E43A0 /* ProximaNova-RegularIt.ttf */,
				38543FB548B34FEB9D1754FD /* ProximaNova-Semibold.ttf */,
				369CE046858E4388A5620456 /* ProximaNova-SemiboldIt.ttf */,
				6E152DB1DE064D4982B7C536 /* ProximaNova-ThinIt.ttf */,
				A8E9C61B5CB24B139376A61D /* ProximaNovaT-Thin.ttf */,
				4F617E875F2E459882944B27 /* raze.png */,
			);
			name = Resources;
			sourceTree = "<group>";
			path = "";
		};
/* End PBXGroup section */

/* Begin PBXNativeTarget section */
		00E356ED1AD99517003FC87E /* ArcadeTests */ = {
			isa = PBXNativeTarget;
			buildConfigurationList = 00E357021AD99517003FC87E /* Build configuration list for PBXNativeTarget "ArcadeTests" */;
			buildPhases = (
				A55EABD7B0C7F3A422A6CC61 /* [CP] Check Pods Manifest.lock */,
				00E356EA1AD99517003FC87E /* Sources */,
				00E356EB1AD99517003FC87E /* Frameworks */,
				00E356EC1AD99517003FC87E /* Resources */,
				C59DA0FBD6956966B86A3779 /* [CP] Embed Pods Frameworks */,
				F6A41C54EA430FDDC6A6ED99 /* [CP] Copy Pods Resources */,
			);
			buildRules = (
			);
			dependencies = (
				00E356F51AD99517003FC87E /* PBXTargetDependency */,
			);
			name = ArcadeTests;
			productName = ArcadeTests;
			productReference = 00E356EE1AD99517003FC87E /* ArcadeTests.xctest */;
			productType = "com.apple.product-type.bundle.unit-test";
		};
		13B07F861A680F5B00A75B9A /* Arcade */ = {
			isa = PBXNativeTarget;
			buildConfigurationList = 13B07F931A680F5B00A75B9A /* Build configuration list for PBXNativeTarget "Arcade" */;
			buildPhases = (
				C38B50BA6285516D6DCD4F65 /* [CP] Check Pods Manifest.lock */,
				13B07F871A680F5B00A75B9A /* Sources */,
				13B07F8C1A680F5B00A75B9A /* Frameworks */,
				13B07F8E1A680F5B00A75B9A /* Resources */,
				00DD1BFF1BD5951E006B06BC /* Bundle React Native code and images */,
				00EEFC60759A1932668264C0 /* [CP] Embed Pods Frameworks */,
				E235C05ADACE081382539298 /* [CP] Copy Pods Resources */,
			);
			buildRules = (
			);
			dependencies = (
			);
			name = Arcade;
			productName = Arcade;
			productReference = 13B07F961A680F5B00A75B9A /* Arcade.app */;
			productType = "com.apple.product-type.application";
		};
/* End PBXNativeTarget section */

/* Begin PBXProject section */
		83CBB9F71A601CBA00E9B192 /* Project object */ = {
			isa = PBXProject;
			attributes = {
				LastUpgradeCheck = 1210;
				TargetAttributes = {
					00E356ED1AD99517003FC87E = {
						CreatedOnToolsVersion = 6.2;
						TestTargetID = 13B07F861A680F5B00A75B9A;
					};
					13B07F861A680F5B00A75B9A = {
						LastSwiftMigration = 1120;
					};
				};
			};
			buildConfigurationList = 83CBB9FA1A601CBA00E9B192 /* Build configuration list for PBXProject "Arcade" */;
			compatibilityVersion = "Xcode 12.0";
			developmentRegion = en;
			hasScannedForEncodings = 0;
			knownRegions = (
				en,
				Base,
			);
			mainGroup = 83CBB9F61A601CBA00E9B192;
			productRefGroup = 83CBBA001A601CBA00E9B192 /* Products */;
			projectDirPath = "";
			projectRoot = "";
			targets = (
				13B07F861A680F5B00A75B9A /* Arcade */,
				00E356ED1AD99517003FC87E /* ArcadeTests */,
			);
		};
/* End PBXProject section */

/* Begin PBXResourcesBuildPhase section */
		00E356EC1AD99517003FC87E /* Resources */ = {
			isa = PBXResourcesBuildPhase;
			buildActionMask = 2147483647;
			files = (
			);
			runOnlyForDeploymentPostprocessing = 0;
		};
		13B07F8E1A680F5B00A75B9A /* Resources */ = {
			isa = PBXResourcesBuildPhase;
			buildActionMask = 2147483647;
			files = (
				81AB9BB82411601600AC10FF /* LaunchScreen.storyboard in Resources */,
				13B07FBF1A68108700A75B9A /* Images.xcassets in Resources */,
				665E458B71594853AAFD5725 /* Novecentosansnarrow-Bold.ttf in Resources */,
				5606A55551E74BAF96065DD4 /* Novecentosansnarrow-Book.ttf in Resources */,
				DD27A7A11B2343FDB76D2445 /* Novecentosansnarrow-DemiBold.ttf in Resources */,
				BAEB042759224A2EB5EAD932 /* Novecentosansnarrow-Light.ttf in Resources */,
				6CD133F483A240A48485078D /* Novecentosansnarrow-Medium.ttf in Resources */,
				EC8D5AD981A14B689B0A918A /* Novecentosansnarrow-Normal.ttf in Resources */,
				1316C100966545E8A79288C7 /* Novecentosansnarrow-UltraBold.ttf in Resources */,
				79516686FF2B4CB686C197E9 /* Novecentosansnarrow-UltrLt.ttf in Resources */,
				98B080C48D104874A99303FB /* ProximaNova-Black.ttf in Resources */,
				30BAEC55C709466C8DC96C12 /* ProximaNova-BlackIt.ttf in Resources */,
				68C13A96FD9D46908144F63F /* ProximaNova-Bold.ttf in Resources */,
				42F4B5716EE94C568F96C620 /* ProximaNova-BoldIt.ttf in Resources */,
				2E2F3B00C3654301AEBBFFF7 /* ProximaNova-Extrabld.ttf in Resources */,
				70FC6B14627242ECAC2D2FF3 /* ProximaNova-ExtrabldIt.ttf in Resources */,
				3AE69B6853644C11B52059AE /* ProximaNova-Light.ttf in Resources */,
				017C32A8594E4D71B51D70CA /* ProximaNova-LightIt.ttf in Resources */,
				0FED35A6E0E3498281A8CF12 /* ProximaNova-Regular.ttf in Resources */,
				7D6557FEECB94CFFB88BA628 /* ProximaNova-RegularIt.ttf in Resources */,
				A7C357C05A5A4C259768A943 /* ProximaNova-Semibold.ttf in Resources */,
				30DECE4818E943C198C60B4B /* ProximaNova-SemiboldIt.ttf in Resources */,
				8A1B82A5B4274CB2B922E77C /* ProximaNova-ThinIt.ttf in Resources */,
				563F21FCA0B74FB0B656C990 /* ProximaNovaT-Thin.ttf in Resources */,
				62595BD5EC19451AAECA1B46 /* raze.png in Resources */,
			);
			runOnlyForDeploymentPostprocessing = 0;
		};
/* End PBXResourcesBuildPhase section */

/* Begin PBXShellScriptBuildPhase section */
		00DD1BFF1BD5951E006B06BC /* Bundle React Native code and images */ = {
			isa = PBXShellScriptBuildPhase;
			buildActionMask = 2147483647;
			files = (
			);
			inputPaths = (
				"$(SRCROOT)/.xcode.env.local",
				"$(SRCROOT)/.xcode.env",
			);
			name = "Bundle React Native code and images";
			outputPaths = (
			);
			runOnlyForDeploymentPostprocessing = 0;
			shellPath = /bin/sh;
			shellScript = "set -e\n\nWITH_ENVIRONMENT=\"$REACT_NATIVE_PATH/scripts/xcode/with-environment.sh\"\nREACT_NATIVE_XCODE=\"$REACT_NATIVE_PATH/scripts/react-native-xcode.sh\"\n\n/bin/sh -c \"$WITH_ENVIRONMENT $REACT_NATIVE_XCODE\"\n";
		};
		00EEFC60759A1932668264C0 /* [CP] Embed Pods Frameworks */ = {
			isa = PBXShellScriptBuildPhase;
			buildActionMask = 2147483647;
			files = (
			);
			inputFileListPaths = (
				"${PODS_ROOT}/Target Support Files/Pods-Arcade/Pods-Arcade-frameworks-${CONFIGURATION}-input-files.xcfilelist",
			);
			name = "[CP] Embed Pods Frameworks";
			outputFileListPaths = (
				"${PODS_ROOT}/Target Support Files/Pods-Arcade/Pods-Arcade-frameworks-${CONFIGURATION}-output-files.xcfilelist",
			);
			runOnlyForDeploymentPostprocessing = 0;
			shellPath = /bin/sh;
			shellScript = "\"${PODS_ROOT}/Target Support Files/Pods-Arcade/Pods-Arcade-frameworks.sh\"\n";
			showEnvVarsInLog = 0;
		};
		A55EABD7B0C7F3A422A6CC61 /* [CP] Check Pods Manifest.lock */ = {
			isa = PBXShellScriptBuildPhase;
			buildActionMask = 2147483647;
			files = (
			);
			inputFileListPaths = (
			);
			inputPaths = (
				"${PODS_PODFILE_DIR_PATH}/Podfile.lock",
				"${PODS_ROOT}/Manifest.lock",
			);
			name = "[CP] Check Pods Manifest.lock";
			outputFileListPaths = (
			);
			outputPaths = (
				"$(DERIVED_FILE_DIR)/Pods-Arcade-ArcadeTests-checkManifestLockResult.txt",
			);
			runOnlyForDeploymentPostprocessing = 0;
			shellPath = /bin/sh;
			shellScript = "diff \"${PODS_PODFILE_DIR_PATH}/Podfile.lock\" \"${PODS_ROOT}/Manifest.lock\" > /dev/null\nif [ $? != 0 ] ; then\n    # print error to STDERR\n    echo \"error: The sandbox is not in sync with the Podfile.lock. Run 'pod install' or update your CocoaPods installation.\" >&2\n    exit 1\nfi\n# This output is used by Xcode 'outputs' to avoid re-running this script phase.\necho \"SUCCESS\" > \"${SCRIPT_OUTPUT_FILE_0}\"\n";
			showEnvVarsInLog = 0;
		};
		C38B50BA6285516D6DCD4F65 /* [CP] Check Pods Manifest.lock */ = {
			isa = PBXShellScriptBuildPhase;
			buildActionMask = 2147483647;
			files = (
			);
			inputFileListPaths = (
			);
			inputPaths = (
				"${PODS_PODFILE_DIR_PATH}/Podfile.lock",
				"${PODS_ROOT}/Manifest.lock",
			);
			name = "[CP] Check Pods Manifest.lock";
			outputFileListPaths = (
			);
			outputPaths = (
				"$(DERIVED_FILE_DIR)/Pods-Arcade-checkManifestLockResult.txt",
			);
			runOnlyForDeploymentPostprocessing = 0;
			shellPath = /bin/sh;
			shellScript = "diff \"${PODS_PODFILE_DIR_PATH}/Podfile.lock\" \"${PODS_ROOT}/Manifest.lock\" > /dev/null\nif [ $? != 0 ] ; then\n    # print error to STDERR\n    echo \"error: The sandbox is not in sync with the Podfile.lock. Run 'pod install' or update your CocoaPods installation.\" >&2\n    exit 1\nfi\n# This output is used by Xcode 'outputs' to avoid re-running this script phase.\necho \"SUCCESS\" > \"${SCRIPT_OUTPUT_FILE_0}\"\n";
			showEnvVarsInLog = 0;
		};
		C59DA0FBD6956966B86A3779 /* [CP] Embed Pods Frameworks */ = {
			isa = PBXShellScriptBuildPhase;
			buildActionMask = 2147483647;
			files = (
			);
			inputFileListPaths = (
				"${PODS_ROOT}/Target Support Files/Pods-Arcade-ArcadeTests/Pods-Arcade-ArcadeTests-frameworks-${CONFIGURATION}-input-files.xcfilelist",
			);
			name = "[CP] Embed Pods Frameworks";
			outputFileListPaths = (
				"${PODS_ROOT}/Target Support Files/Pods-Arcade-ArcadeTests/Pods-Arcade-ArcadeTests-frameworks-${CONFIGURATION}-output-files.xcfilelist",
			);
			runOnlyForDeploymentPostprocessing = 0;
			shellPath = /bin/sh;
			shellScript = "\"${PODS_ROOT}/Target Support Files/Pods-Arcade-ArcadeTests/Pods-Arcade-ArcadeTests-frameworks.sh\"\n";
			showEnvVarsInLog = 0;
		};
		E235C05ADACE081382539298 /* [CP] Copy Pods Resources */ = {
			isa = PBXShellScriptBuildPhase;
			buildActionMask = 2147483647;
			files = (
			);
			inputFileListPaths = (
				"${PODS_ROOT}/Target Support Files/Pods-Arcade/Pods-Arcade-resources-${CONFIGURATION}-input-files.xcfilelist",
			);
			name = "[CP] Copy Pods Resources";
			outputFileListPaths = (
				"${PODS_ROOT}/Target Support Files/Pods-Arcade/Pods-Arcade-resources-${CONFIGURATION}-output-files.xcfilelist",
			);
			runOnlyForDeploymentPostprocessing = 0;
			shellPath = /bin/sh;
			shellScript = "\"${PODS_ROOT}/Target Support Files/Pods-Arcade/Pods-Arcade-resources.sh\"\n";
			showEnvVarsInLog = 0;
		};
		F6A41C54EA430FDDC6A6ED99 /* [CP] Copy Pods Resources */ = {
			isa = PBXShellScriptBuildPhase;
			buildActionMask = 2147483647;
			files = (
			);
			inputFileListPaths = (
				"${PODS_ROOT}/Target Support Files/Pods-Arcade-ArcadeTests/Pods-Arcade-ArcadeTests-resources-${CONFIGURATION}-input-files.xcfilelist",
			);
			name = "[CP] Copy Pods Resources";
			outputFileListPaths = (
				"${PODS_ROOT}/Target Support Files/Pods-Arcade-ArcadeTests/Pods-Arcade-ArcadeTests-resources-${CONFIGURATION}-output-files.xcfilelist",
			);
			runOnlyForDeploymentPostprocessing = 0;
			shellPath = /bin/sh;
			shellScript = "\"${PODS_ROOT}/Target Support Files/Pods-Arcade-ArcadeTests/Pods-Arcade-ArcadeTests-resources.sh\"\n";
			showEnvVarsInLog = 0;
		};
/* End PBXShellScriptBuildPhase section */

/* Begin PBXSourcesBuildPhase section */
		00E356EA1AD99517003FC87E /* Sources */ = {
			isa = PBXSourcesBuildPhase;
			buildActionMask = 2147483647;
			files = (
				00E356F31AD99517003FC87E /* ArcadeTests.m in Sources */,
			);
			runOnlyForDeploymentPostprocessing = 0;
		};
		13B07F871A680F5B00A75B9A /* Sources */ = {
			isa = PBXSourcesBuildPhase;
			buildActionMask = 2147483647;
			files = (
				13B07FBC1A68108700A75B9A /* AppDelegate.mm in Sources */,
				13B07FC11A68108700A75B9A /* main.m in Sources */,
			);
			runOnlyForDeploymentPostprocessing = 0;
		};
/* End PBXSourcesBuildPhase section */

/* Begin PBXTargetDependency section */
		00E356F51AD99517003FC87E /* PBXTargetDependency */ = {
			isa = PBXTargetDependency;
			target = 13B07F861A680F5B00A75B9A /* Arcade */;
			targetProxy = 00E356F41AD99517003FC87E /* PBXContainerItemProxy */;
		};
/* End PBXTargetDependency section */

/* Begin XCBuildConfiguration section */
		00E356F61AD99517003FC87E /* Debug */ = {
			isa = XCBuildConfiguration;
			baseConfigurationReference = 5B7EB9410499542E8C5724F5 /* Pods-Arcade-ArcadeTests.debug.xcconfig */;
			buildSettings = {
				BUNDLE_LOADER = "$(TEST_HOST)";
				GCC_PREPROCESSOR_DEFINITIONS = (
					"DEBUG=1",
					"$(inherited)",
				);
				INFOPLIST_FILE = ArcadeTests/Info.plist;
				IPHONEOS_DEPLOYMENT_TARGET = 13.4;
				LD_RUNPATH_SEARCH_PATHS = (
					"$(inherited)",
					"@executable_path/Frameworks",
					"@loader_path/Frameworks",
				);
				OTHER_LDFLAGS = (
					"-ObjC",
					"-lc++",
					"$(inherited)",
				);
				PRODUCT_BUNDLE_IDENTIFIER = "org.reactjs.native.example.$(PRODUCT_NAME:rfc1034identifier)";
				PRODUCT_NAME = "$(TARGET_NAME)";
				TEST_HOST = "$(BUILT_PRODUCTS_DIR)/Arcade.app/Arcade";
			};
			name = Debug;
		};
		00E356F71AD99517003FC87E /* Release */ = {
			isa = XCBuildConfiguration;
			baseConfigurationReference = 89C6BE57DB24E9ADA2F236DE /* Pods-Arcade-ArcadeTests.release.xcconfig */;
			buildSettings = {
				BUNDLE_LOADER = "$(TEST_HOST)";
				COPY_PHASE_STRIP = NO;
				INFOPLIST_FILE = ArcadeTests/Info.plist;
				IPHONEOS_DEPLOYMENT_TARGET = 13.4;
				LD_RUNPATH_SEARCH_PATHS = (
					"$(inherited)",
					"@executable_path/Frameworks",
					"@loader_path/Frameworks",
				);
				OTHER_LDFLAGS = (
					"-ObjC",
					"-lc++",
					"$(inherited)",
				);
				PRODUCT_BUNDLE_IDENTIFIER = "org.reactjs.native.example.$(PRODUCT_NAME:rfc1034identifier)";
				PRODUCT_NAME = "$(TARGET_NAME)";
				TEST_HOST = "$(BUILT_PRODUCTS_DIR)/Arcade.app/Arcade";
			};
			name = Release;
		};
		13B07F941A680F5B00A75B9A /* Debug */ = {
			isa = XCBuildConfiguration;
			baseConfigurationReference = 3B4392A12AC88292D35C810B /* Pods-Arcade.debug.xcconfig */;
			buildSettings = {
				ASSETCATALOG_COMPILER_APPICON_NAME = AppIcon;
				CLANG_ENABLE_MODULES = YES;
				CURRENT_PROJECT_VERSION = 1;
				ENABLE_BITCODE = NO;
				INFOPLIST_FILE = Arcade/Info.plist;
				LD_RUNPATH_SEARCH_PATHS = (
					"$(inherited)",
					"@executable_path/Frameworks",
				);
				MARKETING_VERSION = 1.0;
				OTHER_LDFLAGS = (
					"$(inherited)",
					"-ObjC",
					"-lc++",
				);
				PRODUCT_BUNDLE_IDENTIFIER = "org.reactjs.native.example.$(PRODUCT_NAME:rfc1034identifier)";
				PRODUCT_NAME = Arcade;
				SWIFT_OPTIMIZATION_LEVEL = "-Onone";
				SWIFT_VERSION = 5.0;
				VERSIONING_SYSTEM = "apple-generic";
			};
			name = Debug;
		};
		13B07F951A680F5B00A75B9A /* Release */ = {
			isa = XCBuildConfiguration;
			baseConfigurationReference = 5709B34CF0A7D63546082F79 /* Pods-Arcade.release.xcconfig */;
			buildSettings = {
				ASSETCATALOG_COMPILER_APPICON_NAME = AppIcon;
				CLANG_ENABLE_MODULES = YES;
				CURRENT_PROJECT_VERSION = 1;
				INFOPLIST_FILE = Arcade/Info.plist;
				LD_RUNPATH_SEARCH_PATHS = (
					"$(inherited)",
					"@executable_path/Frameworks",
				);
				MARKETING_VERSION = 1.0;
				OTHER_LDFLAGS = (
					"$(inherited)",
					"-ObjC",
					"-lc++",
				);
				PRODUCT_BUNDLE_IDENTIFIER = "org.reactjs.native.example.$(PRODUCT_NAME:rfc1034identifier)";
				PRODUCT_NAME = Arcade;
				SWIFT_VERSION = 5.0;
				VERSIONING_SYSTEM = "apple-generic";
			};
			name = Release;
		};
		83CBBA201A601CBA00E9B192 /* Debug */ = {
			isa = XCBuildConfiguration;
			buildSettings = {
				ALWAYS_SEARCH_USER_PATHS = NO;
				CLANG_ANALYZER_LOCALIZABILITY_NONLOCALIZED = YES;
				CLANG_CXX_LANGUAGE_STANDARD = "c++20";
				CLANG_CXX_LIBRARY = "libc++";
				CLANG_ENABLE_MODULES = YES;
				CLANG_ENABLE_OBJC_ARC = YES;
				CLANG_WARN_BLOCK_CAPTURE_AUTORELEASING = YES;
				CLANG_WARN_BOOL_CONVERSION = YES;
				CLANG_WARN_COMMA = YES;
				CLANG_WARN_CONSTANT_CONVERSION = YES;
				CLANG_WARN_DEPRECATED_OBJC_IMPLEMENTATIONS = YES;
				CLANG_WARN_DIRECT_OBJC_ISA_USAGE = YES_ERROR;
				CLANG_WARN_EMPTY_BODY = YES;
				CLANG_WARN_ENUM_CONVERSION = YES;
				CLANG_WARN_INFINITE_RECURSION = YES;
				CLANG_WARN_INT_CONVERSION = YES;
				CLANG_WARN_NON_LITERAL_NULL_CONVERSION = YES;
				CLANG_WARN_OBJC_IMPLICIT_RETAIN_SELF = YES;
				CLANG_WARN_OBJC_LITERAL_CONVERSION = YES;
				CLANG_WARN_OBJC_ROOT_CLASS = YES_ERROR;
				CLANG_WARN_QUOTED_INCLUDE_IN_FRAMEWORK_HEADER = YES;
				CLANG_WARN_RANGE_LOOP_ANALYSIS = YES;
				CLANG_WARN_STRICT_PROTOTYPES = YES;
				CLANG_WARN_SUSPICIOUS_MOVE = YES;
				CLANG_WARN_UNREACHABLE_CODE = YES;
				CLANG_WARN__DUPLICATE_METHOD_MATCH = YES;
				"CODE_SIGN_IDENTITY[sdk=iphoneos*]" = "iPhone Developer";
				COPY_PHASE_STRIP = NO;
				ENABLE_STRICT_OBJC_MSGSEND = YES;
				ENABLE_TESTABILITY = YES;
				"EXCLUDED_ARCHS[sdk=iphonesimulator*]" = "";
				GCC_C_LANGUAGE_STANDARD = gnu99;
				GCC_DYNAMIC_NO_PIC = NO;
				GCC_NO_COMMON_BLOCKS = YES;
				GCC_OPTIMIZATION_LEVEL = 0;
				GCC_PREPROCESSOR_DEFINITIONS = (
					"DEBUG=1",
					"$(inherited)",
				);
				GCC_SYMBOLS_PRIVATE_EXTERN = NO;
				GCC_WARN_64_TO_32_BIT_CONVERSION = YES;
				GCC_WARN_ABOUT_RETURN_TYPE = YES_ERROR;
				GCC_WARN_UNDECLARED_SELECTOR = YES;
				GCC_WARN_UNINITIALIZED_AUTOS = YES_AGGRESSIVE;
				GCC_WARN_UNUSED_FUNCTION = YES;
				GCC_WARN_UNUSED_VARIABLE = YES;
				IPHONEOS_DEPLOYMENT_TARGET = 13.4;
				LD_RUNPATH_SEARCH_PATHS = (
					/usr/lib/swift,
					"$(inherited)",
				);
				LIBRARY_SEARCH_PATHS = (
					"\"$(SDKROOT)/usr/lib/swift\"",
					"\"$(TOOLCHAIN_DIR)/usr/lib/swift/$(PLATFORM_NAME)\"",
					"\"$(inherited)\"",
				);
				MTL_ENABLE_DEBUG_INFO = YES;
				ONLY_ACTIVE_ARCH = YES;
				OTHER_CPLUSPLUSFLAGS = (
					"$(OTHER_CFLAGS)",
					"-DFOLLY_NO_CONFIG",
					"-DFOLLY_MOBILE=1",
					"-DFOLLY_USE_LIBCPP=1",
					"-DFOLLY_CFG_NO_COROUTINES=1",
					"-DFOLLY_HAVE_CLOCK_GETTIME=1",
				);
				SDKROOT = iphoneos;
			};
			name = Debug;
		};
		83CBBA211A601CBA00E9B192 /* Release */ = {
			isa = XCBuildConfiguration;
			buildSettings = {
				ALWAYS_SEARCH_USER_PATHS = NO;
				CLANG_ANALYZER_LOCALIZABILITY_NONLOCALIZED = YES;
				CLANG_CXX_LANGUAGE_STANDARD = "c++20";
				CLANG_CXX_LIBRARY = "libc++";
				CLANG_ENABLE_MODULES = YES;
				CLANG_ENABLE_OBJC_ARC = YES;
				CLANG_WARN_BLOCK_CAPTURE_AUTORELEASING = YES;
				CLANG_WARN_BOOL_CONVERSION = YES;
				CLANG_WARN_COMMA = YES;
				CLANG_WARN_CONSTANT_CONVERSION = YES;
				CLANG_WARN_DEPRECATED_OBJC_IMPLEMENTATIONS = YES;
				CLANG_WARN_DIRECT_OBJC_ISA_USAGE = YES_ERROR;
				CLANG_WARN_EMPTY_BODY = YES;
				CLANG_WARN_ENUM_CONVERSION = YES;
				CLANG_WARN_INFINITE_RECURSION = YES;
				CLANG_WARN_INT_CONVERSION = YES;
				CLANG_WARN_NON_LITERAL_NULL_CONVERSION = YES;
				CLANG_WARN_OBJC_IMPLICIT_RETAIN_SELF = YES;
				CLANG_WARN_OBJC_LITERAL_CONVERSION = YES;
				CLANG_WARN_OBJC_ROOT_CLASS = YES_ERROR;
				CLANG_WARN_QUOTED_INCLUDE_IN_FRAMEWORK_HEADER = YES;
				CLANG_WARN_RANGE_LOOP_ANALYSIS = YES;
				CLANG_WARN_STRICT_PROTOTYPES = YES;
				CLANG_WARN_SUSPICIOUS_MOVE = YES;
				CLANG_WARN_UNREACHABLE_CODE = YES;
				CLANG_WARN__DUPLICATE_METHOD_MATCH = YES;
				"CODE_SIGN_IDENTITY[sdk=iphoneos*]" = "iPhone Developer";
				COPY_PHASE_STRIP = YES;
				ENABLE_NS_ASSERTIONS = NO;
				ENABLE_STRICT_OBJC_MSGSEND = YES;
				"EXCLUDED_ARCHS[sdk=iphonesimulator*]" = "";
				GCC_C_LANGUAGE_STANDARD = gnu99;
				GCC_NO_COMMON_BLOCKS = YES;
				GCC_WARN_64_TO_32_BIT_CONVERSION = YES;
				GCC_WARN_ABOUT_RETURN_TYPE = YES_ERROR;
				GCC_WARN_UNDECLARED_SELECTOR = YES;
				GCC_WARN_UNINITIALIZED_AUTOS = YES_AGGRESSIVE;
				GCC_WARN_UNUSED_FUNCTION = YES;
				GCC_WARN_UNUSED_VARIABLE = YES;
				IPHONEOS_DEPLOYMENT_TARGET = 13.4;
				LD_RUNPATH_SEARCH_PATHS = (
					/usr/lib/swift,
					"$(inherited)",
				);
				LIBRARY_SEARCH_PATHS = (
					"\"$(SDKROOT)/usr/lib/swift\"",
					"\"$(TOOLCHAIN_DIR)/usr/lib/swift/$(PLATFORM_NAME)\"",
					"\"$(inherited)\"",
				);
				MTL_ENABLE_DEBUG_INFO = NO;
				OTHER_CPLUSPLUSFLAGS = (
					"$(OTHER_CFLAGS)",
					"-DFOLLY_NO_CONFIG",
					"-DFOLLY_MOBILE=1",
					"-DFOLLY_USE_LIBCPP=1",
					"-DFOLLY_CFG_NO_COROUTINES=1",
					"-DFOLLY_HAVE_CLOCK_GETTIME=1",
				);
				SDKROOT = iphoneos;
				VALIDATE_PRODUCT = YES;
			};
			name = Release;
		};
/* End XCBuildConfiguration section */

/* Begin XCConfigurationList section */
		00E357021AD99517003FC87E /* Build configuration list for PBXNativeTarget "ArcadeTests" */ = {
			isa = XCConfigurationList;
			buildConfigurations = (
				00E356F61AD99517003FC87E /* Debug */,
				00E356F71AD99517003FC87E /* Release */,
			);
			defaultConfigurationIsVisible = 0;
			defaultConfigurationName = Release;
		};
		13B07F931A680F5B00A75B9A /* Build configuration list for PBXNativeTarget "Arcade" */ = {
			isa = XCConfigurationList;
			buildConfigurations = (
				13B07F941A680F5B00A75B9A /* Debug */,
				13B07F951A680F5B00A75B9A /* Release */,
			);
			defaultConfigurationIsVisible = 0;
			defaultConfigurationName = Release;
		};
		83CBB9FA1A601CBA00E9B192 /* Build configuration list for PBXProject "Arcade" */ = {
			isa = XCConfigurationList;
			buildConfigurations = (
				83CBBA201A601CBA00E9B192 /* Debug */,
				83CBBA211A601CBA00E9B192 /* Release */,
			);
			defaultConfigurationIsVisible = 0;
			defaultConfigurationName = Release;
		};
/* End XCConfigurationList section */
	};
	rootObject = 83CBB9F71A601CBA00E9B192 /* Project object */;
}
